{
  "name": "Instabook",
  "version": "1.2.7",
  "lockfileVersion": 3,
  "requires": true,
  "packages": {
    "": {
      "name": "Instabook",
      "version": "1.2.7",
      "devDependencies": {
        "cross-zip": "^4.0.0"
      }
    },
    "node_modules/cross-zip": {
      "version": "4.0.1",
      "resolved": "https://registry.npmjs.org/cross-zip/-/cross-zip-4.0.1.tgz",
      "integrity": "sha512-n63i0lZ0rvQ6FXiGQ+/JFCKAUyPFhLQYJIqKaa+tSJtfKeULF/IDNDAbdnSIxgS4NTuw2b0+lj8LzfITuq+ZxQ==",
      "dev": true,
      "funding": [
        {
          "type": "github",
          "url": "https://github.com/sponsors/feross"
        },
        {
          "type": "patreon",
          "url": "https://www.patreon.com/feross"
        },
        {
          "type": "consulting",
          "url": "https://feross.org/support"
        }
      ],
      "license": "MIT",
      "engines": {
        "node": ">=12.10"
      }
    }
  }
}
